<?xml version="1.0" encoding="utf-8"?>
<Project ToolsVersion="4.0" xmlns="http://schemas.microsoft.com/developer/msbuild/2003">
  <ItemGroup>
    <Filter Include="Source Files">
      <UniqueIdentifier>{4FC737F1-C7A5-4376-A066-2A32D752A2FF}</UniqueIdentifier>
      <Extensions>cpp;c;cc;cxx;c++;cppm;ixx;def;odl;idl;hpj;bat;asm;asmx</Extensions>
    </Filter>
    <Filter Include="Header Files">
      <UniqueIdentifier>{93995380-89BD-4b04-88EB-625FBE52EBFB}</UniqueIdentifier>
      <Extensions>h;hh;hpp;hxx;h++;hm;inl;inc;ipp;xsd</Extensions>
    </Filter>
    <Filter Include="Resource Files">
      <UniqueIdentifier>{67DA6AB6-F800-4c08-8B7A-83BB121AAD01}</UniqueIdentifier>
      <Extensions>rc;ico;cur;bmp;dlg;rc2;rct;bin;rgs;gif;jpg;jpeg;jpe;resx;tiff;tif;png;wav;mfcribbon-ms</Extensions>
    </Filter>
    <Filter Include="SimplePlayers">
      <UniqueIdentifier>{4cc9e3d1-f17d-40f6-a04d-61b914e9ada4}</UniqueIdentifier>
    </Filter>
    <Filter Include="Header Files\CNN">
      <UniqueIdentifier>{8dd2d084-572d-4383-bbcd-bb0efbcc1c38}</UniqueIdentifier>
    </Filter>
    <Filter Include="Header Files\NNUE">
      <UniqueIdentifier>{53557cc2-2882-4ca9-bae8-716b6fe66d0e}</UniqueIdentifier>
    </Filter>
    <Filter Include="Source Files\NNUE">
      <UniqueIdentifier>{f02cee3e-03cf-4f0d-a83d-244397d4f3e4}</UniqueIdentifier>
    </Filter>
  </ItemGroup>
  <ItemGroup>
    <ClInclude Include="move_picker.h">
      <Filter>Header Files</Filter>
    </ClInclude>
    <ClInclude Include="position_picker.h">
      <Filter>Header Files</Filter>
    </ClInclude>
    <ClInclude Include="search.h">
      <Filter>Header Files</Filter>
    </ClInclude>
    <ClInclude Include="tt.h">
      <Filter>Header Files</Filter>
    </ClInclude>
    <ClInclude Include="utils.h">
      <Filter>Header Files</Filter>
    </ClInclude>
    <ClInclude Include="bit_utilities.h">
      <Filter>Header Files</Filter>
    </ClInclude>
    <ClInclude Include="board.h">
      <Filter>Header Files</Filter>
    </ClInclude>
    <ClInclude Include="board_evaluator.h">
      <Filter>Header Files</Filter>
    </ClInclude>
    <ClInclude Include="cmd.h">
      <Filter>Header Files</Filter>
    </ClInclude>
    <ClInclude Include="evaluate.h">
      <Filter>Header Files</Filter>
    </ClInclude>
    <ClInclude Include="game_generator.h">
      <Filter>Header Files</Filter>
    </ClInclude>
    <ClInclude Include="clipped_relu.h">
      <Filter>Header Files\NNUE</Filter>
    </ClInclude>
    <ClInclude Include="nnue_accumulator.h">
      <Filter>Header Files\NNUE</Filter>
    </ClInclude>
    <ClInclude Include="linear_layer.h">
      <Filter>Header Files\NNUE</Filter>
    </ClInclude>
    <ClInclude Include="conv_layer.h">
      <Filter>Header Files\CNN</Filter>
    </ClInclude>
    <ClInclude Include="matrix.h">
      <Filter>Header Files\CNN</Filter>
    </ClInclude>
  </ItemGroup>
  <ItemGroup>
    <ClCompile Include="position_picker.cpp">
      <Filter>Source Files</Filter>
    </ClCompile>
    <ClCompile Include="reversi.cpp">
      <Filter>Source Files</Filter>
    </ClCompile>
    <ClCompile Include="search.cpp">
      <Filter>Source Files</Filter>
    </ClCompile>
    <ClCompile Include="tt.cpp">
      <Filter>Source Files</Filter>
    </ClCompile>
    <ClCompile Include="board.cpp">
      <Filter>Source Files</Filter>
    </ClCompile>
    <ClCompile Include="board_evaluator.cpp">
      <Filter>Source Files</Filter>
    </ClCompile>
    <ClCompile Include="cmd.cpp">
      <Filter>Source Files</Filter>
    </ClCompile>
    <ClCompile Include="evaluate.cpp">
      <Filter>Source Files</Filter>
    </ClCompile>
    <ClCompile Include="game_generator.cpp">
      <Filter>Source Files</Filter>
    </ClCompile>
    <ClCompile Include="move_picker.cpp">
      <Filter>Source Files</Filter>
    </ClCompile>
    <ClCompile Include="nnue_accumulator.cpp">
      <Filter>Source Files\NNUE</Filter>
    </ClCompile>
  </ItemGroup>
</Project>